
Microsoft Visual Studio Solution File, Format Version 12.00
# Visual Studio Version 17
VisualStudioVersion = 17.2.32616.157
MinimumVisualStudioVersion = 10.0.40219.1
Project("{FAE04EC0-301F-11D3-BF4B-00C04F79EFBC}") = "Day-19-UC7", "Day-19-UC7\Day-19-UC7.csproj", "{FE164353-3E30-439A-BDF2-60CACFDA9E16}"
EndProject
Global
	GlobalSection(SolutionConfigurationPlatforms) = preSolution
		Debug|Any CPU = Debug|Any CPU
		Release|Any CPU = Release|Any CPU
	EndGlobalSection
	GlobalSection(ProjectConfigurationPlatforms) = postSolution
		{FE164353-3E30-439A-BDF2-60CACFDA9E16}.Debug|Any CPU.ActiveCfg = Debug|Any CPU
		{FE164353-3E30-439A-BDF2-60CACFDA9E16}.Debug|Any CPU.Build.0 = Debug|Any CPU
		{FE164353-3E30-439A-BDF2-60CACFDA9E16}.Release|Any CPU.ActiveCfg = Release|Any CPU
		{FE164353-3E30-439A-BDF2-60CACFDA9E16}.Release|Any CPU.Build.0 = Release|Any CPU
	EndGlobalSection
	GlobalSection(SolutionProperties) = preSolution
		HideSolutionNode = FALSE
	EndGlobalSection
	GlobalSection(ExtensibilityGlobals) = postSolution
		SolutionGuid = {0599AB8D-2C51-4E1E-8CF9-ACCDDB271040}
	EndGlobalSection
EndGlobal
