
Microsoft Visual Studio Solution File, Format Version 12.00
# Visual Studio Version 17
VisualStudioVersion = 17.2.32616.157
MinimumVisualStudioVersion = 10.0.40219.1
Project("{FAE04EC0-301F-11D3-BF4B-00C04F79EFBC}") = "Day-19-UC5", "Day-19-UC5\Day-19-UC5.csproj", "{B426B92D-AA3A-42D9-B3D8-F710001C6FD9}"
EndProject
Global
	GlobalSection(SolutionConfigurationPlatforms) = preSolution
		Debug|Any CPU = Debug|Any CPU
		Release|Any CPU = Release|Any CPU
	EndGlobalSection
	GlobalSection(ProjectConfigurationPlatforms) = postSolution
		{B426B92D-AA3A-42D9-B3D8-F710001C6FD9}.Debug|Any CPU.ActiveCfg = Debug|Any CPU
		{B426B92D-AA3A-42D9-B3D8-F710001C6FD9}.Debug|Any CPU.Build.0 = Debug|Any CPU
		{B426B92D-AA3A-42D9-B3D8-F710001C6FD9}.Release|Any CPU.ActiveCfg = Release|Any CPU
		{B426B92D-AA3A-42D9-B3D8-F710001C6FD9}.Release|Any CPU.Build.0 = Release|Any CPU
	EndGlobalSection
	GlobalSection(SolutionProperties) = preSolution
		HideSolutionNode = FALSE
	EndGlobalSection
	GlobalSection(ExtensibilityGlobals) = postSolution
		SolutionGuid = {9535E2D6-E86C-47CC-8990-FEAE3EE4D6E3}
	EndGlobalSection
EndGlobal
